{
  "name": "dbx-plugin-json-pretty",
  "lockfileVersion": 3,
  "requires": true,
  "packages": {
    "": {
      "dependencies": {
        "@dbx-app/plugin-cli": "^0.1.9"
      }
    },
    "node_modules/@dbx-app/plugin-cli": {
      "version": "0.1.9",
      "resolved": "https://registry.npmjs.org/@dbx-app/plugin-cli/-/plugin-cli-0.1.9.tgz",
      "integrity": "sha512-ntMfK904U9gNyyG2g/64mCX9eZKvK6CPS2DA/MtVwif0Or+2GMu9YFOzofESp+SiA95HVCrx/cC1JxQV0OLZxg==",
      "license": "Apache-2.0",
      "bin": {
        "dbx-plugin": "bin/dbx-plugin.js"
      },
      "engines": {
        "node": ">=18.18.0"
      },
      "optionalDependencies": {
        "@dbx-app/plugin-cli-darwin-arm64": "0.1.9",
        "@dbx-app/plugin-cli-darwin-x64": "0.1.9",
        "@dbx-app/plugin-cli-linux-arm64-gnu": "0.1.9",
        "@dbx-app/plugin-cli-linux-x64-gnu": "0.1.9",
        "@dbx-app/plugin-cli-win32-arm64": "0.1.9",
        "@dbx-app/plugin-cli-win32-x64": "0.1.9"
      }
    },
    "node_modules/@dbx-app/plugin-cli-darwin-arm64": {
      "version": "0.1.9",
      "resolved": "https://registry.npmjs.org/@dbx-app/plugin-cli-darwin-arm64/-/plugin-cli-darwin-arm64-0.1.9.tgz",
      "integrity": "sha512-ogk6MgTZlgp/mOovwBa9X/3fMc8YPIweaHbRID7h5mO+6v7Sw2anzzNanz9/YPc/I4NkTiBqdlG0WDu4X37X2w==",
      "cpu": [
        "arm64"
      ],
      "license": "Apache-2.0",
      "optional": true,
      "os": [
        "darwin"
      ],
      "bin": {
        "dbx-plugin-native": "bin/dbx-plugin"
      }
    },
    "node_modules/@dbx-app/plugin-cli-darwin-x64": {
      "version": "0.1.9",
      "resolved": "https://registry.npmjs.org/@dbx-app/plugin-cli-darwin-x64/-/plugin-cli-darwin-x64-0.1.9.tgz",
      "integrity": "sha512-CewebmGxEVXs4sGTIx+OoYCRCJGlEkikXqaGjS16JXu0Ei9rUUWAKRHaEmUFs3Yz4DbQbjDiLMDBMgSxdajs7Q==",
      "cpu": [
        "x64"
      ],
      "license": "Apache-2.0",
      "optional": true,
      "os": [
        "darwin"
      ],
      "bin": {
        "dbx-plugin-native": "bin/dbx-plugin"
      }
    },
    "node_modules/@dbx-app/plugin-cli-linux-arm64-gnu": {
      "version": "0.1.9",
      "resolved": "https://registry.npmjs.org/@dbx-app/plugin-cli-linux-arm64-gnu/-/plugin-cli-linux-arm64-gnu-0.1.9.tgz",
      "integrity": "sha512-ZDTb6ynkPxu7m0tT8hzsKcpqudCcQ13h4hYcronN+ekeVwf1dlFE59lGHov+6nI2QnmZmVvm/sp1AtWFHYJDEw==",
      "cpu": [
        "arm64"
      ],
      "libc": [
        "glibc"
      ],
      "license": "Apache-2.0",
      "optional": true,
      "os": [
        "linux"
      ],
      "bin": {
        "dbx-plugin-native": "bin/dbx-plugin"
      }
    },
    "node_modules/@dbx-app/plugin-cli-linux-x64-gnu": {
      "version": "0.1.9",
      "resolved": "https://registry.npmjs.org/@dbx-app/plugin-cli-linux-x64-gnu/-/plugin-cli-linux-x64-gnu-0.1.9.tgz",
      "integrity": "sha512-I0hyyewJ7AZ4ZikcM7Vx3TCEFF5VhdKCKHBIrydCEemQHKGrhWOvv/v/HBOEm/SF5SVxmkjrIBLUQymMPIECtA==",
      "cpu": [
        "x64"
      ],
      "libc": [
        "glibc"
      ],
      "license": "Apache-2.0",
      "optional": true,
      "os": [
        "linux"
      ],
      "bin": {
        "dbx-plugin-native": "bin/dbx-plugin"
      }
    },
    "node_modules/@dbx-app/plugin-cli-win32-arm64": {
      "version": "0.1.9",
      "resolved": "https://registry.npmjs.org/@dbx-app/plugin-cli-win32-arm64/-/plugin-cli-win32-arm64-0.1.9.tgz",
      "integrity": "sha512-5V7JiU4fAL/5yZO1Q9a4E63Irz+YfcidMJNEl3+BwQ/SySU/jXg0dFjFZmX01XKe+LF0/MzIOKc2NnFPIo7cCQ==",
      "cpu": [
        "arm64"
      ],
      "license": "Apache-2.0",
      "optional": true,
      "os": [
        "win32"
      ],
      "bin": {
        "dbx-plugin-native": "bin/dbx-plugin.exe"
      }
    },
    "node_modules/@dbx-app/plugin-cli-win32-x64": {
      "version": "0.1.9",
      "resolved": "https://registry.npmjs.org/@dbx-app/plugin-cli-win32-x64/-/plugin-cli-win32-x64-0.1.9.tgz",
      "integrity": "sha512-ZZ9Jo9f81z8TGZF8monkdBJdVgTxPO0fU5J2CsgoADmiWPvjzqorqmjftlTA8bLE5Y+MmVCbJHRwmO1FR8yW6A==",
      "cpu": [
        "x64"
      ],
      "license": "Apache-2.0",
      "optional": true,
      "os": [
        "win32"
      ],
      "bin": {
        "dbx-plugin-native": "bin/dbx-plugin.exe"
      }
    }
  }
}
